// !$*UTF8*$!
{
	archiveVersion = 1;
	classes = {
	};
	objectVersion = 56;
	objects = {

/* Begin PBXBuildFile section */
		F0D23CC628DBF278007751B0 /* PracSwiftUILayoutApp.swift in Sources */ = {isa = PBXBuildFile; fileRef = F0D23CC528DBF278007751B0 /* PracSwiftUILayoutApp.swift */; };
		F0D23CCA28DBF279007751B0 /* Assets.xcassets in Resources */ = {isa = PBXBuildFile; fileRef = F0D23CC928DBF279007751B0 /* Assets.xcassets */; };
		F0D23CCD28DBF279007751B0 /* Preview Assets.xcassets in Resources */ = {isa = PBXBuildFile; fileRef = F0D23CCC28DBF279007751B0 /* Preview Assets.xcassets */; };
		F0D23CD428DBF56A007751B0 /* CircleImage.swift in Sources */ = {isa = PBXBuildFile; fileRef = F0D23CD328DBF56A007751B0 /* CircleImage.swift */; };
		F0D23CD728DBF62A007751B0 /* Landmark.swift in Sources */ = {isa = PBXBuildFile; fileRef = F0D23CD628DBF62A007751B0 /* Landmark.swift */; };
		F0D23CDA28DBFBC8007751B0 /* ModelData.swift in Sources */ = {isa = PBXBuildFile; fileRef = F0D23CD928DBFBC8007751B0 /* ModelData.swift */; };
		F0D23CDC28DBFD11007751B0 /* landmarkData.json in Resources */ = {isa = PBXBuildFile; fileRef = F0D23CDB28DBFD11007751B0 /* landmarkData.json */; };
		F0D23CE928DC1E5F007751B0 /* FeedRow.swift in Sources */ = {isa = PBXBuildFile; fileRef = F0D23CE828DC1E5F007751B0 /* FeedRow.swift */; };
		F0D23CEE28DC2879007751B0 /* WWFeed.swift in Sources */ = {isa = PBXBuildFile; fileRef = F0D23CED28DC2879007751B0 /* WWFeed.swift */; };
		F0D23CF028DC28C7007751B0 /* UserInfo.swift in Sources */ = {isa = PBXBuildFile; fileRef = F0D23CEF28DC28C7007751B0 /* UserInfo.swift */; };
		F0D23CF228DC291F007751B0 /* UserInfoView.swift in Sources */ = {isa = PBXBuildFile; fileRef = F0D23CF128DC291F007751B0 /* UserInfoView.swift */; };
		F0D23CF428DC2C9D007751B0 /* FeedList.swift in Sources */ = {isa = PBXBuildFile; fileRef = F0D23CF328DC2C9D007751B0 /* FeedList.swift */; };
/* End PBXBuildFile section */

/* Begin PBXFileReference section */
		F0D23CC228DBF278007751B0 /* PracSwiftUILayout.app */ = {isa = PBXFileReference; explicitFileType = wrapper.application; includeInIndex = 0; path = PracSwiftUILayout.app; sourceTree = BUILT_PRODUCTS_DIR; };
		F0D23CC528DBF278007751B0 /* PracSwiftUILayoutApp.swift */ = {isa = PBXFileReference; lastKnownFileType = sourcecode.swift; path = PracSwiftUILayoutApp.swift; sourceTree = "<group>"; };
		F0D23CC928DBF279007751B0 /* Assets.xcassets */ = {isa = PBXFileReference; lastKnownFileType = folder.assetcatalog; path = Assets.xcassets; sourceTree = "<group>"; };
		F0D23CCC28DBF279007751B0 /* Preview Assets.xcassets */ = {isa = PBXFileReference; lastKnownFileType = folder.assetcatalog; path = "Preview Assets.xcassets"; sourceTree = "<group>"; };
		F0D23CD328DBF56A007751B0 /* CircleImage.swift */ = {isa = PBXFileReference; lastKnownFileType = sourcecode.swift; path = CircleImage.swift; sourceTree = "<group>"; };
		F0D23CD628DBF62A007751B0 /* Landmark.swift */ = {isa = PBXFileReference; lastKnownFileType = sourcecode.swift; path = Landmark.swift; sourceTree = "<group>"; };
		F0D23CD928DBFBC8007751B0 /* ModelData.swift */ = {isa = PBXFileReference; lastKnownFileType = sourcecode.swift; path = ModelData.swift; sourceTree = "<group>"; };
		F0D23CDB28DBFD11007751B0 /* landmarkData.json */ = {isa = PBXFileReference; fileEncoding = 4; lastKnownFileType = text.json; path = landmarkData.json; sourceTree = "<group>"; };
		F0D23CE828DC1E5F007751B0 /* FeedRow.swift */ = {isa = PBXFileReference; lastKnownFileType = sourcecode.swift; path = FeedRow.swift; sourceTree = "<group>"; };
		F0D23CED28DC2879007751B0 /* WWFeed.swift */ = {isa = PBXFileReference; lastKnownFileType = sourcecode.swift; path = WWFeed.swift; sourceTree = "<group>"; };
		F0D23CEF28DC28C7007751B0 /* UserInfo.swift */ = {isa = PBXFileReference; lastKnownFileType = sourcecode.swift; path = UserInfo.swift; sourceTree = "<group>"; };
		F0D23CF128DC291F007751B0 /* UserInfoView.swift */ = {isa = PBXFileReference; lastKnownFileType = sourcecode.swift; path = UserInfoView.swift; sourceTree = "<group>"; };
		F0D23CF328DC2C9D007751B0 /* FeedList.swift */ = {isa = PBXFileReference; lastKnownFileType = sourcecode.swift; path = FeedList.swift; sourceTree = "<group>"; };
/* End PBXFileReference section */

/* Begin PBXFrameworksBuildPhase section */
		F0D23CBF28DBF278007751B0 /* Frameworks */ = {
			isa = PBXFrameworksBuildPhase;
			buildActionMask = 2147483647;
			files = (
			);
			runOnlyForDeploymentPostprocessing = 0;
		};
/* End PBXFrameworksBuildPhase section */

/* Begin PBXGroup section */
		F0D23CB928DBF278007751B0 = {
			isa = PBXGroup;
			children = (
				F0D23CC428DBF278007751B0 /* PracSwiftUILayout */,
				F0D23CC328DBF278007751B0 /* Products */,
			);
			sourceTree = "<group>";
		};
		F0D23CC328DBF278007751B0 /* Products */ = {
			isa = PBXGroup;
			children = (
				F0D23CC228DBF278007751B0 /* PracSwiftUILayout.app */,
			);
			name = Products;
			sourceTree = "<group>";
		};
		F0D23CC428DBF278007751B0 /* PracSwiftUILayout */ = {
			isa = PBXGroup;
			children = (
				F0D23CC528DBF278007751B0 /* PracSwiftUILayoutApp.swift */,
				F0D23CEC28DC2248007751B0 /* WWView */,
				F0D23CDE28DBFD37007751B0 /* Resource */,
				F0D23CD528DBF5BE007751B0 /* Model */,
				F0D23CC928DBF279007751B0 /* Assets.xcassets */,
				F0D23CCB28DBF279007751B0 /* Preview Content */,
			);
			path = PracSwiftUILayout;
			sourceTree = "<group>";
		};
		F0D23CCB28DBF279007751B0 /* Preview Content */ = {
			isa = PBXGroup;
			children = (
				F0D23CCC28DBF279007751B0 /* Preview Assets.xcassets */,
			);
			path = "Preview Content";
			sourceTree = "<group>";
		};
		F0D23CD528DBF5BE007751B0 /* Model */ = {
			isa = PBXGroup;
			children = (
				F0D23CD628DBF62A007751B0 /* Landmark.swift */,
				F0D23CD928DBFBC8007751B0 /* ModelData.swift */,
				F0D23CED28DC2879007751B0 /* WWFeed.swift */,
				F0D23CEF28DC28C7007751B0 /* UserInfo.swift */,
			);
			path = Model;
			sourceTree = "<group>";
		};
		F0D23CDE28DBFD37007751B0 /* Resource */ = {
			isa = PBXGroup;
			children = (
				F0D23CDB28DBFD11007751B0 /* landmarkData.json */,
			);
			path = Resource;
			sourceTree = "<group>";
		};
		F0D23CEC28DC2248007751B0 /* WWView */ = {
			isa = PBXGroup;
			children = (
				F0D23CE828DC1E5F007751B0 /* FeedRow.swift */,
				F0D23CF128DC291F007751B0 /* UserInfoView.swift */,
				F0D23CD328DBF56A007751B0 /* CircleImage.swift */,
				F0D23CF328DC2C9D007751B0 /* FeedList.swift */,
			);
			path = WWView;
			sourceTree = "<group>";
		};
/* End PBXGroup section */

/* Begin PBXNativeTarget section */
		F0D23CC128DBF278007751B0 /* PracSwiftUILayout */ = {
			isa = PBXNativeTarget;
			buildConfigurationList = F0D23CD028DBF279007751B0 /* Build configuration list for PBXNativeTarget "PracSwiftUILayout" */;
			buildPhases = (
				F0D23CBE28DBF278007751B0 /* Sources */,
				F0D23CBF28DBF278007751B0 /* Frameworks */,
				F0D23CC028DBF278007751B0 /* Resources */,
			);
			buildRules = (
			);
			dependencies = (
			);
			name = PracSwiftUILayout;
			productName = PracSwiftUILayout;
			productReference = F0D23CC228DBF278007751B0 /* PracSwiftUILayout.app */;
			productType = "com.apple.product-type.application";
		};
/* End PBXNativeTarget section */

/* Begin PBXProject section */
		F0D23CBA28DBF278007751B0 /* Project object */ = {
			isa = PBXProject;
			attributes = {
				BuildIndependentTargetsInParallel = 1;
				LastSwiftUpdateCheck = 1400;
				LastUpgradeCheck = 1400;
				TargetAttributes = {
					F0D23CC128DBF278007751B0 = {
						CreatedOnToolsVersion = 14.0;
					};
				};
			};
			buildConfigurationList = F0D23CBD28DBF278007751B0 /* Build configuration list for PBXProject "PracSwiftUILayout" */;
			compatibilityVersion = "Xcode 14.0";
			developmentRegion = en;
			hasScannedForEncodings = 0;
			knownRegions = (
				en,
				Base,
			);
			mainGroup = F0D23CB928DBF278007751B0;
			productRefGroup = F0D23CC328DBF278007751B0 /* Products */;
			projectDirPath = "";
			projectRoot = "";
			targets = (
				F0D23CC128DBF278007751B0 /* PracSwiftUILayout */,
			);
		};
/* End PBXProject section */

/* Begin PBXResourcesBuildPhase section */
		F0D23CC028DBF278007751B0 /* Resources */ = {
			isa = PBXResourcesBuildPhase;
			buildActionMask = 2147483647;
			files = (
				F0D23CCD28DBF279007751B0 /* Preview Assets.xcassets in Resources */,
				F0D23CCA28DBF279007751B0 /* Assets.xcassets in Resources */,
				F0D23CDC28DBFD11007751B0 /* landmarkData.json in Resources */,
			);
			runOnlyForDeploymentPostprocessing = 0;
		};
/* End PBXResourcesBuildPhase section */

/* Begin PBXSourcesBuildPhase section */
		F0D23CBE28DBF278007751B0 /* Sources */ = {
			isa = PBXSourcesBuildPhase;
			buildActionMask = 2147483647;
			files = (
				F0D23CE928DC1E5F007751B0 /* FeedRow.swift in Sources */,
				F0D23CEE28DC2879007751B0 /* WWFeed.swift in Sources */,
				F0D23CF028DC28C7007751B0 /* UserInfo.swift in Sources */,
				F0D23CC628DBF278007751B0 /* PracSwiftUILayoutApp.swift in Sources */,
				F0D23CDA28DBFBC8007751B0 /* ModelData.swift in Sources */,
				F0D23CD428DBF56A007751B0 /* CircleImage.swift in Sources */,
				F0D23CF228DC291F007751B0 /* UserInfoView.swift in Sources */,
				F0D23CD728DBF62A007751B0 /* Landmark.swift in Sources */,
				F0D23CF428DC2C9D007751B0 /* FeedList.swift in Sources */,
			);
			runOnlyForDeploymentPostprocessing = 0;
		};
/* End PBXSourcesBuildPhase section */

/* Begin XCBuildConfiguration section */
		F0D23CCE28DBF279007751B0 /* Debug */ = {
			isa = XCBuildConfiguration;
			buildSettings = {
				ALWAYS_SEARCH_USER_PATHS = NO;
				CLANG_ANALYZER_NONNULL = YES;
				CLANG_ANALYZER_NUMBER_OBJECT_CONVERSION = YES_AGGRESSIVE;
				CLANG_CXX_LANGUAGE_STANDARD = "gnu++20";
				CLANG_ENABLE_MODULES = YES;
				CLANG_ENABLE_OBJC_ARC = YES;
				CLANG_ENABLE_OBJC_WEAK = YES;
				CLANG_WARN_BLOCK_CAPTURE_AUTORELEASING = YES;
				CLANG_WARN_BOOL_CONVERSION = YES;
				CLANG_WARN_COMMA = YES;
				CLANG_WARN_CONSTANT_CONVERSION = YES;
				CLANG_WARN_DEPRECATED_OBJC_IMPLEMENTATIONS = YES;
				CLANG_WARN_DIRECT_OBJC_ISA_USAGE = YES_ERROR;
				CLANG_WARN_DOCUMENTATION_COMMENTS = YES;
				CLANG_WARN_EMPTY_BODY = YES;
				CLANG_WARN_ENUM_CONVERSION = YES;
				CLANG_WARN_INFINITE_RECURSION = YES;
				CLANG_WARN_INT_CONVERSION = YES;
				CLANG_WARN_NON_LITERAL_NULL_CONVERSION = YES;
				CLANG_WARN_OBJC_IMPLICIT_RETAIN_SELF = YES;
				CLANG_WARN_OBJC_LITERAL_CONVERSION = YES;
				CLANG_WARN_OBJC_ROOT_CLASS = YES_ERROR;
				CLANG_WARN_QUOTED_INCLUDE_IN_FRAMEWORK_HEADER = YES;
				CLANG_WARN_RANGE_LOOP_ANALYSIS = YES;
				CLANG_WARN_STRICT_PROTOTYPES = YES;
				CLANG_WARN_SUSPICIOUS_MOVE = YES;
				CLANG_WARN_UNGUARDED_AVAILABILITY = YES_AGGRESSIVE;
				CLANG_WARN_UNREACHABLE_CODE = YES;
				CLANG_WARN__DUPLICATE_METHOD_MATCH = YES;
				COPY_PHASE_STRIP = NO;
				DEBUG_INFORMATION_FORMAT = dwarf;
				ENABLE_STRICT_OBJC_MSGSEND = YES;
				ENABLE_TESTABILITY = YES;
				GCC_C_LANGUAGE_STANDARD = gnu11;
				GCC_DYNAMIC_NO_PIC = NO;
				GCC_NO_COMMON_BLOCKS = YES;
				GCC_OPTIMIZATION_LEVEL = 0;
				GCC_PREPROCESSOR_DEFINITIONS = (
					"DEBUG=1",
					"$(inherited)",
				);
				GCC_WARN_64_TO_32_BIT_CONVERSION = YES;
				GCC_WARN_ABOUT_RETURN_TYPE = YES_ERROR;
				GCC_WARN_UNDECLARED_SELECTOR = YES;
				GCC_WARN_UNINITIALIZED_AUTOS = YES_AGGRESSIVE;
				GCC_WARN_UNUSED_FUNCTION = YES;
				GCC_WARN_UNUSED_VARIABLE = YES;
				IPHONEOS_DEPLOYMENT_TARGET = 16.0;
				MTL_ENABLE_DEBUG_INFO = INCLUDE_SOURCE;
				MTL_FAST_MATH = YES;
				ONLY_ACTIVE_ARCH = YES;
				SDKROOT = iphoneos;
				SWIFT_ACTIVE_COMPILATION_CONDITIONS = DEBUG;
				SWIFT_OPTIMIZATION_LEVEL = "-Onone";
			};
			name = Debug;
		};
		F0D23CCF28DBF279007751B0 /* Release */ = {
			isa = XCBuildConfiguration;
			buildSettings = {
				ALWAYS_SEARCH_USER_PATHS = NO;
				CLANG_ANALYZER_NONNULL = YES;
				CLANG_ANALYZER_NUMBER_OBJECT_CONVERSION = YES_AGGRESSIVE;
				CLANG_CXX_LANGUAGE_STANDARD = "gnu++20";
				CLANG_ENABLE_MODULES = YES;
				CLANG_ENABLE_OBJC_ARC = YES;
				CLANG_ENABLE_OBJC_WEAK = YES;
				CLANG_WARN_BLOCK_CAPTURE_AUTORELEASING = YES;
				CLANG_WARN_BOOL_CONVERSION = YES;
				CLANG_WARN_COMMA = YES;
				CLANG_WARN_CONSTANT_CONVERSION = YES;
				CLANG_WARN_DEPRECATED_OBJC_IMPLEMENTATIONS = YES;
				CLANG_WARN_DIRECT_OBJC_ISA_USAGE = YES_ERROR;
				CLANG_WARN_DOCUMENTATION_COMMENTS = YES;
				CLANG_WARN_EMPTY_BODY = YES;
				CLANG_WARN_ENUM_CONVERSION = YES;
				CLANG_WARN_INFINITE_RECURSION = YES;
				CLANG_WARN_INT_CONVERSION = YES;
				CLANG_WARN_NON_LITERAL_NULL_CONVERSION = YES;
				CLANG_WARN_OBJC_IMPLICIT_RETAIN_SELF = YES;
				CLANG_WARN_OBJC_LITERAL_CONVERSION = YES;
				CLANG_WARN_OBJC_ROOT_CLASS = YES_ERROR;
				CLANG_WARN_QUOTED_INCLUDE_IN_FRAMEWORK_HEADER = YES;
				CLANG_WARN_RANGE_LOOP_ANALYSIS = YES;
				CLANG_WARN_STRICT_PROTOTYPES = YES;
				CLANG_WARN_SUSPICIOUS_MOVE = YES;
				CLANG_WARN_UNGUARDED_AVAILABILITY = YES_AGGRESSIVE;
				CLANG_WARN_UNREACHABLE_CODE = YES;
				CLANG_WARN__DUPLICATE_METHOD_MATCH = YES;
				COPY_PHASE_STRIP = NO;
				DEBUG_INFORMATION_FORMAT = "dwarf-with-dsym";
				ENABLE_NS_ASSERTIONS = NO;
				ENABLE_STRICT_OBJC_MSGSEND = YES;
				GCC_C_LANGUAGE_STANDARD = gnu11;
				GCC_NO_COMMON_BLOCKS = YES;
				GCC_WARN_64_TO_32_BIT_CONVERSION = YES;
				GCC_WARN_ABOUT_RETURN_TYPE = YES_ERROR;
				GCC_WARN_UNDECLARED_SELECTOR = YES;
				GCC_WARN_UNINITIALIZED_AUTOS = YES_AGGRESSIVE;
				GCC_WARN_UNUSED_FUNCTION = YES;
				GCC_WARN_UNUSED_VARIABLE = YES;
				IPHONEOS_DEPLOYMENT_TARGET = 16.0;
				MTL_ENABLE_DEBUG_INFO = NO;
				MTL_FAST_MATH = YES;
				SDKROOT = iphoneos;
				SWIFT_COMPILATION_MODE = wholemodule;
				SWIFT_OPTIMIZATION_LEVEL = "-O";
				VALIDATE_PRODUCT = YES;
			};
			name = Release;
		};
		F0D23CD128DBF279007751B0 /* Debug */ = {
			isa = XCBuildConfiguration;
			buildSettings = {
				ASSETCATALOG_COMPILER_APPICON_NAME = AppIcon;
				ASSETCATALOG_COMPILER_GLOBAL_ACCENT_COLOR_NAME = AccentColor;
				CODE_SIGN_STYLE = Automatic;
				CURRENT_PROJECT_VERSION = 1;
				DEVELOPMENT_ASSET_PATHS = "\"PracSwiftUILayout/Preview Content\"";
				DEVELOPMENT_TEAM = QA5P85RJWN;
				ENABLE_PREVIEWS = YES;
				GENERATE_INFOPLIST_FILE = YES;
				INFOPLIST_KEY_UIApplicationSceneManifest_Generation = YES;
				INFOPLIST_KEY_UIApplicationSupportsIndirectInputEvents = YES;
				INFOPLIST_KEY_UILaunchScreen_Generation = YES;
				INFOPLIST_KEY_UISupportedInterfaceOrientations_iPad = "UIInterfaceOrientationPortrait UIInterfaceOrientationPortraitUpsideDown UIInterfaceOrientationLandscapeLeft UIInterfaceOrientationLandscapeRight";
				INFOPLIST_KEY_UISupportedInterfaceOrientations_iPhone = "UIInterfaceOrientationPortrait UIInterfaceOrientationLandscapeLeft UIInterfaceOrientationLandscapeRight";
				LD_RUNPATH_SEARCH_PATHS = (
					"$(inherited)",
					"@executable_path/Frameworks",
				);
				MARKETING_VERSION = 1.0;
				PRODUCT_BUNDLE_IDENTIFIER = com.suy.PracSwiftUILayout;
				PRODUCT_NAME = "$(TARGET_NAME)";
				SWIFT_EMIT_LOC_STRINGS = YES;
				SWIFT_VERSION = 5.0;
				TARGETED_DEVICE_FAMILY = "1,2";
			};
			name = Debug;
		};
		F0D23CD228DBF279007751B0 /* Release */ = {
			isa = XCBuildConfiguration;
			buildSettings = {
				ASSETCATALOG_COMPILER_APPICON_NAME = AppIcon;
				ASSETCATALOG_COMPILER_GLOBAL_ACCENT_COLOR_NAME = AccentColor;
				CODE_SIGN_STYLE = Automatic;
				CURRENT_PROJECT_VERSION = 1;
				DEVELOPMENT_ASSET_PATHS = "\"PracSwiftUILayout/Preview Content\"";
				DEVELOPMENT_TEAM = QA5P85RJWN;
				ENABLE_PREVIEWS = YES;
				GENERATE_INFOPLIST_FILE = YES;
				INFOPLIST_KEY_UIApplicationSceneManifest_Generation = YES;
				INFOPLIST_KEY_UIApplicationSupportsIndirectInputEvents = YES;
				INFOPLIST_KEY_UILaunchScreen_Generation = YES;
				INFOPLIST_KEY_UISupportedInterfaceOrientations_iPad = "UIInterfaceOrientationPortrait UIInterfaceOrientationPortraitUpsideDown UIInterfaceOrientationLandscapeLeft UIInterfaceOrientationLandscapeRight";
				INFOPLIST_KEY_UISupportedInterfaceOrientations_iPhone = "UIInterfaceOrientationPortrait UIInterfaceOrientationLandscapeLeft UIInterfaceOrientationLandscapeRight";
				LD_RUNPATH_SEARCH_PATHS = (
					"$(inherited)",
					"@executable_path/Frameworks",
				);
				MARKETING_VERSION = 1.0;
				PRODUCT_BUNDLE_IDENTIFIER = com.suy.PracSwiftUILayout;
				PRODUCT_NAME = "$(TARGET_NAME)";
				SWIFT_EMIT_LOC_STRINGS = YES;
				SWIFT_VERSION = 5.0;
				TARGETED_DEVICE_FAMILY = "1,2";
			};
			name = Release;
		};
/* End XCBuildConfiguration section */

/* Begin XCConfigurationList section */
		F0D23CBD28DBF278007751B0 /* Build configuration list for PBXProject "PracSwiftUILayout" */ = {
			isa = XCConfigurationList;
			buildConfigurations = (
				F0D23CCE28DBF279007751B0 /* Debug */,
				F0D23CCF28DBF279007751B0 /* Release */,
			);
			defaultConfigurationIsVisible = 0;
			defaultConfigurationName = Release;
		};
		F0D23CD028DBF279007751B0 /* Build configuration list for PBXNativeTarget "PracSwiftUILayout" */ = {
			isa = XCConfigurationList;
			buildConfigurations = (
				F0D23CD128DBF279007751B0 /* Debug */,
				F0D23CD228DBF279007751B0 /* Release */,
			);
			defaultConfigurationIsVisible = 0;
			defaultConfigurationName = Release;
		};
/* End XCConfigurationList section */
	};
	rootObject = F0D23CBA28DBF278007751B0 /* Project object */;
}
